
Microsoft Visual Studio Solution File, Format Version 12.00
# Visual Studio Version 16
VisualStudioVersion = 16.0.29920.165
MinimumVisualStudioVersion = 10.0.40219.1
Project("{FAE04EC0-301F-11D3-BF4B-00C04F79EFBC}") = "Notebook", "Notebook.csproj", "{2F17CF66-4E58-4312-9A5C-4C36916C1957}"
EndProject
Global
	GlobalSection(SolutionConfigurationPlatforms) = preSolution
		Debug|Any CPU = Debug|Any CPU
		Release|Any CPU = Release|Any CPU
	EndGlobalSection
	GlobalSection(ProjectConfigurationPlatforms) = postSolution
		{2F17CF66-4E58-4312-9A5C-4C36916C1957}.Debug|Any CPU.ActiveCfg = Debug|Any CPU
		{2F17CF66-4E58-4312-9A5C-4C36916C1957}.Debug|Any CPU.Build.0 = Debug|Any CPU
		{2F17CF66-4E58-4312-9A5C-4C36916C1957}.Release|Any CPU.ActiveCfg = Release|Any CPU
		{2F17CF66-4E58-4312-9A5C-4C36916C1957}.Release|Any CPU.Build.0 = Release|Any CPU
	EndGlobalSection
	GlobalSection(SolutionProperties) = preSolution
		HideSolutionNode = FALSE
	EndGlobalSection
	GlobalSection(ExtensibilityGlobals) = postSolution
		SolutionGuid = {A16861E2-4612-4B11-ACDA-4F6D900C55A9}
	EndGlobalSection
EndGlobal
