
Microsoft Visual Studio Solution File, Format Version 12.00
# Visual Studio Version 16
VisualStudioVersion = 16.0.29920.165
MinimumVisualStudioVersion = 10.0.40219.1
Project("{FAE04EC0-301F-11D3-BF4B-00C04F79EFBC}") = "Fibonacci", "Fibonacci.csproj", "{142C0522-0C06-4407-B2EE-606DA35DE2D4}"
EndProject
Global
	GlobalSection(SolutionConfigurationPlatforms) = preSolution
		Debug|Any CPU = Debug|Any CPU
		Release|Any CPU = Release|Any CPU
	EndGlobalSection
	GlobalSection(ProjectConfigurationPlatforms) = postSolution
		{142C0522-0C06-4407-B2EE-606DA35DE2D4}.Debug|Any CPU.ActiveCfg = Debug|Any CPU
		{142C0522-0C06-4407-B2EE-606DA35DE2D4}.Debug|Any CPU.Build.0 = Debug|Any CPU
		{142C0522-0C06-4407-B2EE-606DA35DE2D4}.Release|Any CPU.ActiveCfg = Release|Any CPU
		{142C0522-0C06-4407-B2EE-606DA35DE2D4}.Release|Any CPU.Build.0 = Release|Any CPU
	EndGlobalSection
	GlobalSection(SolutionProperties) = preSolution
		HideSolutionNode = FALSE
	EndGlobalSection
	GlobalSection(ExtensibilityGlobals) = postSolution
		SolutionGuid = {9FB97E7C-593F-4320-B617-B8C4D6515171}
	EndGlobalSection
EndGlobal
